// !$*UTF8*$!
{
	archiveVersion = 1;
	classes = {
	};
	objectVersion = 56;
	objects = {

/* Begin PBXBuildFile section */
		BA18B1B22BA973A5009ADDE9 /* LoginView.swift in Sources */ = {isa = PBXBuildFile; fileRef = BA18B1B12BA973A5009ADDE9 /* LoginView.swift */; };
		BA18B1B42BA973B6009ADDE9 /* AccountView.swift in Sources */ = {isa = PBXBuildFile; fileRef = BA18B1B32BA973B6009ADDE9 /* AccountView.swift */; };
		BA18B1B62BA973D2009ADDE9 /* CreateAccountView.swift in Sources */ = {isa = PBXBuildFile; fileRef = BA18B1B52BA973D2009ADDE9 /* CreateAccountView.swift */; };
		BAD407DF2B9C4B4500829528 /* Clothing_ApplicationApp.swift in Sources */ = {isa = PBXBuildFile; fileRef = BAD407DE2B9C4B4500829528 /* Clothing_ApplicationApp.swift */; };
		BAD407E12B9C4B4500829528 /* ContentView.swift in Sources */ = {isa = PBXBuildFile; fileRef = BAD407E02B9C4B4500829528 /* ContentView.swift */; };
		BAD407E32B9C4B4500829528 /* Item.swift in Sources */ = {isa = PBXBuildFile; fileRef = BAD407E22B9C4B4500829528 /* Item.swift */; };
		BAD407E52B9C4B4600829528 /* Assets.xcassets in Resources */ = {isa = PBXBuildFile; fileRef = BAD407E42B9C4B4600829528 /* Assets.xcassets */; };
		BAD407E82B9C4B4600829528 /* Preview Assets.xcassets in Resources */ = {isa = PBXBuildFile; fileRef = BAD407E72B9C4B4600829528 /* Preview Assets.xcassets */; };
		BAD407F22B9C4B4600829528 /* Clothing_ApplicationTests.swift in Sources */ = {isa = PBXBuildFile; fileRef = BAD407F12B9C4B4600829528 /* Clothing_ApplicationTests.swift */; };
		BAD407FC2B9C4B4700829528 /* Clothing_ApplicationUITests.swift in Sources */ = {isa = PBXBuildFile; fileRef = BAD407FB2B9C4B4700829528 /* Clothing_ApplicationUITests.swift */; };
		BAD407FE2B9C4B4700829528 /* Clothing_ApplicationUITestsLaunchTests.swift in Sources */ = {isa = PBXBuildFile; fileRef = BAD407FD2B9C4B4700829528 /* Clothing_ApplicationUITestsLaunchTests.swift */; };
/* End PBXBuildFile section */

/* Begin PBXContainerItemProxy section */
		BAD407EE2B9C4B4600829528 /* PBXContainerItemProxy */ = {
			isa = PBXContainerItemProxy;
			containerPortal = BAD407D32B9C4B4500829528 /* Project object */;
			proxyType = 1;
			remoteGlobalIDString = BAD407DA2B9C4B4500829528;
			remoteInfo = "Clothing Application";
		};
		BAD407F82B9C4B4700829528 /* PBXContainerItemProxy */ = {
			isa = PBXContainerItemProxy;
			containerPortal = BAD407D32B9C4B4500829528 /* Project object */;
			proxyType = 1;
			remoteGlobalIDString = BAD407DA2B9C4B4500829528;
			remoteInfo = "Clothing Application";
		};
/* End PBXContainerItemProxy section */

/* Begin PBXFileReference section */
		BA18B1B12BA973A5009ADDE9 /* LoginView.swift */ = {isa = PBXFileReference; lastKnownFileType = sourcecode.swift; path = LoginView.swift; sourceTree = "<group>"; };
		BA18B1B32BA973B6009ADDE9 /* AccountView.swift */ = {isa = PBXFileReference; lastKnownFileType = sourcecode.swift; path = AccountView.swift; sourceTree = "<group>"; };
		BA18B1B52BA973D2009ADDE9 /* CreateAccountView.swift */ = {isa = PBXFileReference; lastKnownFileType = sourcecode.swift; path = CreateAccountView.swift; sourceTree = "<group>"; };
		BAD407DB2B9C4B4500829528 /* Clothing Application.app */ = {isa = PBXFileReference; explicitFileType = wrapper.application; includeInIndex = 0; path = "Clothing Application.app"; sourceTree = BUILT_PRODUCTS_DIR; };
		BAD407DE2B9C4B4500829528 /* Clothing_ApplicationApp.swift */ = {isa = PBXFileReference; lastKnownFileType = sourcecode.swift; path = Clothing_ApplicationApp.swift; sourceTree = "<group>"; };
		BAD407E02B9C4B4500829528 /* ContentView.swift */ = {isa = PBXFileReference; lastKnownFileType = sourcecode.swift; path = ContentView.swift; sourceTree = "<group>"; };
		BAD407E22B9C4B4500829528 /* Item.swift */ = {isa = PBXFileReference; lastKnownFileType = sourcecode.swift; path = Item.swift; sourceTree = "<group>"; };
		BAD407E42B9C4B4600829528 /* Assets.xcassets */ = {isa = PBXFileReference; lastKnownFileType = folder.assetcatalog; path = Assets.xcassets; sourceTree = "<group>"; };
		BAD407E72B9C4B4600829528 /* Preview Assets.xcassets */ = {isa = PBXFileReference; lastKnownFileType = folder.assetcatalog; path = "Preview Assets.xcassets"; sourceTree = "<group>"; };
		BAD407ED2B9C4B4600829528 /* Clothing ApplicationTests.xctest */ = {isa = PBXFileReference; explicitFileType = wrapper.cfbundle; includeInIndex = 0; path = "Clothing ApplicationTests.xctest"; sourceTree = BUILT_PRODUCTS_DIR; };
		BAD407F12B9C4B4600829528 /* Clothing_ApplicationTests.swift */ = {isa = PBXFileReference; lastKnownFileType = sourcecode.swift; path = Clothing_ApplicationTests.swift; sourceTree = "<group>"; };
		BAD407F72B9C4B4700829528 /* Clothing ApplicationUITests.xctest */ = {isa = PBXFileReference; explicitFileType = wrapper.cfbundle; includeInIndex = 0; path = "Clothing ApplicationUITests.xctest"; sourceTree = BUILT_PRODUCTS_DIR; };
		BAD407FB2B9C4B4700829528 /* Clothing_ApplicationUITests.swift */ = {isa = PBXFileReference; lastKnownFileType = sourcecode.swift; path = Clothing_ApplicationUITests.swift; sourceTree = "<group>"; };
		BAD407FD2B9C4B4700829528 /* Clothing_ApplicationUITestsLaunchTests.swift */ = {isa = PBXFileReference; lastKnownFileType = sourcecode.swift; path = Clothing_ApplicationUITestsLaunchTests.swift; sourceTree = "<group>"; };
/* End PBXFileReference section */

/* Begin PBXFrameworksBuildPhase section */
		BAD407D82B9C4B4500829528 /* Frameworks */ = {
			isa = PBXFrameworksBuildPhase;
			buildActionMask = 2147483647;
			files = (
			);
			runOnlyForDeploymentPostprocessing = 0;
		};
		BAD407EA2B9C4B4600829528 /* Frameworks */ = {
			isa = PBXFrameworksBuildPhase;
			buildActionMask = 2147483647;
			files = (
			);
			runOnlyForDeploymentPostprocessing = 0;
		};
		BAD407F42B9C4B4700829528 /* Frameworks */ = {
			isa = PBXFrameworksBuildPhase;
			buildActionMask = 2147483647;
			files = (
			);
			runOnlyForDeploymentPostprocessing = 0;
		};
/* End PBXFrameworksBuildPhase section */

/* Begin PBXGroup section */
		BA18B1AE2BA9736D009ADDE9 /* Views */ = {
			isa = PBXGroup;
			children = (
				BA18B1B12BA973A5009ADDE9 /* LoginView.swift */,
				BA18B1B32BA973B6009ADDE9 /* AccountView.swift */,
				BA18B1B52BA973D2009ADDE9 /* CreateAccountView.swift */,
			);
			path = Views;
			sourceTree = "<group>";
		};
		BA18B1AF2BA9737B009ADDE9 /* ViewModels */ = {
			isa = PBXGroup;
			children = (
			);
			path = ViewModels;
			sourceTree = "<group>";
		};
		BA18B1B02BA9738B009ADDE9 /* Models */ = {
			isa = PBXGroup;
			children = (
			);
			path = Models;
			sourceTree = "<group>";
		};
		BAD407D22B9C4B4500829528 = {
			isa = PBXGroup;
			children = (
				BAD407DD2B9C4B4500829528 /* Clothing Application */,
				BAD407F02B9C4B4600829528 /* Clothing ApplicationTests */,
				BAD407FA2B9C4B4700829528 /* Clothing ApplicationUITests */,
				BAD407DC2B9C4B4500829528 /* Products */,
			);
			sourceTree = "<group>";
		};
		BAD407DC2B9C4B4500829528 /* Products */ = {
			isa = PBXGroup;
			children = (
				BAD407DB2B9C4B4500829528 /* Clothing Application.app */,
				BAD407ED2B9C4B4600829528 /* Clothing ApplicationTests.xctest */,
				BAD407F72B9C4B4700829528 /* Clothing ApplicationUITests.xctest */,
			);
			name = Products;
			sourceTree = "<group>";
		};
		BAD407DD2B9C4B4500829528 /* Clothing Application */ = {
			isa = PBXGroup;
			children = (
				BA18B1B02BA9738B009ADDE9 /* Models */,
				BA18B1AF2BA9737B009ADDE9 /* ViewModels */,
				BA18B1AE2BA9736D009ADDE9 /* Views */,
				BAD407DE2B9C4B4500829528 /* Clothing_ApplicationApp.swift */,
				BAD407E02B9C4B4500829528 /* ContentView.swift */,
				BAD407E22B9C4B4500829528 /* Item.swift */,
				BAD407E42B9C4B4600829528 /* Assets.xcassets */,
				BAD407E62B9C4B4600829528 /* Preview Content */,
			);
			path = "Clothing Application";
			sourceTree = "<group>";
		};
		BAD407E62B9C4B4600829528 /* Preview Content */ = {
			isa = PBXGroup;
			children = (
				BAD407E72B9C4B4600829528 /* Preview Assets.xcassets */,
			);
			path = "Preview Content";
			sourceTree = "<group>";
		};
		BAD407F02B9C4B4600829528 /* Clothing ApplicationTests */ = {
			isa = PBXGroup;
			children = (
				BAD407F12B9C4B4600829528 /* Clothing_ApplicationTests.swift */,
			);
			path = "Clothing ApplicationTests";
			sourceTree = "<group>";
		};
		BAD407FA2B9C4B4700829528 /* Clothing ApplicationUITests */ = {
			isa = PBXGroup;
			children = (
				BAD407FB2B9C4B4700829528 /* Clothing_ApplicationUITests.swift */,
				BAD407FD2B9C4B4700829528 /* Clothing_ApplicationUITestsLaunchTests.swift */,
			);
			path = "Clothing ApplicationUITests";
			sourceTree = "<group>";
		};
/* End PBXGroup section */

/* Begin PBXNativeTarget section */
		BAD407DA2B9C4B4500829528 /* Clothing Application */ = {
			isa = PBXNativeTarget;
			buildConfigurationList = BAD408012B9C4B4700829528 /* Build configuration list for PBXNativeTarget "Clothing Application" */;
			buildPhases = (
				BAD407D72B9C4B4500829528 /* Sources */,
				BAD407D82B9C4B4500829528 /* Frameworks */,
				BAD407D92B9C4B4500829528 /* Resources */,
			);
			buildRules = (
			);
			dependencies = (
			);
			name = "Clothing Application";
			productName = "Clothing Application";
			productReference = BAD407DB2B9C4B4500829528 /* Clothing Application.app */;
			productType = "com.apple.product-type.application";
		};
		BAD407EC2B9C4B4600829528 /* Clothing ApplicationTests */ = {
			isa = PBXNativeTarget;
			buildConfigurationList = BAD408042B9C4B4700829528 /* Build configuration list for PBXNativeTarget "Clothing ApplicationTests" */;
			buildPhases = (
				BAD407E92B9C4B4600829528 /* Sources */,
				BAD407EA2B9C4B4600829528 /* Frameworks */,
				BAD407EB2B9C4B4600829528 /* Resources */,
			);
			buildRules = (
			);
			dependencies = (
				BAD407EF2B9C4B4600829528 /* PBXTargetDependency */,
			);
			name = "Clothing ApplicationTests";
			productName = "Clothing ApplicationTests";
			productReference = BAD407ED2B9C4B4600829528 /* Clothing ApplicationTests.xctest */;
			productType = "com.apple.product-type.bundle.unit-test";
		};
		BAD407F62B9C4B4700829528 /* Clothing ApplicationUITests */ = {
			isa = PBXNativeTarget;
			buildConfigurationList = BAD408072B9C4B4700829528 /* Build configuration list for PBXNativeTarget "Clothing ApplicationUITests" */;
			buildPhases = (
				BAD407F32B9C4B4700829528 /* Sources */,
				BAD407F42B9C4B4700829528 /* Frameworks */,
				BAD407F52B9C4B4700829528 /* Resources */,
			);
			buildRules = (
			);
			dependencies = (
				BAD407F92B9C4B4700829528 /* PBXTargetDependency */,
			);
			name = "Clothing ApplicationUITests";
			productName = "Clothing ApplicationUITests";
			productReference = BAD407F72B9C4B4700829528 /* Clothing ApplicationUITests.xctest */;
			productType = "com.apple.product-type.bundle.ui-testing";
		};
/* End PBXNativeTarget section */

/* Begin PBXProject section */
		BAD407D32B9C4B4500829528 /* Project object */ = {
			isa = PBXProject;
			attributes = {
				BuildIndependentTargetsInParallel = 1;
				LastSwiftUpdateCheck = 1520;
				LastUpgradeCheck = 1520;
				TargetAttributes = {
					BAD407DA2B9C4B4500829528 = {
						CreatedOnToolsVersion = 15.2;
					};
					BAD407EC2B9C4B4600829528 = {
						CreatedOnToolsVersion = 15.2;
						TestTargetID = BAD407DA2B9C4B4500829528;
					};
					BAD407F62B9C4B4700829528 = {
						CreatedOnToolsVersion = 15.2;
						TestTargetID = BAD407DA2B9C4B4500829528;
					};
				};
			};
			buildConfigurationList = BAD407D62B9C4B4500829528 /* Build configuration list for PBXProject "Clothing Application" */;
			compatibilityVersion = "Xcode 14.0";
			developmentRegion = en;
			hasScannedForEncodings = 0;
			knownRegions = (
				en,
				Base,
			);
			mainGroup = BAD407D22B9C4B4500829528;
			productRefGroup = BAD407DC2B9C4B4500829528 /* Products */;
			projectDirPath = "";
			projectRoot = "";
			targets = (
				BAD407DA2B9C4B4500829528 /* Clothing Application */,
				BAD407EC2B9C4B4600829528 /* Clothing ApplicationTests */,
				BAD407F62B9C4B4700829528 /* Clothing ApplicationUITests */,
			);
		};
/* End PBXProject section */

/* Begin PBXResourcesBuildPhase section */
		BAD407D92B9C4B4500829528 /* Resources */ = {
			isa = PBXResourcesBuildPhase;
			buildActionMask = 2147483647;
			files = (
				BAD407E82B9C4B4600829528 /* Preview Assets.xcassets in Resources */,
				BAD407E52B9C4B4600829528 /* Assets.xcassets in Resources */,
			);
			runOnlyForDeploymentPostprocessing = 0;
		};
		BAD407EB2B9C4B4600829528 /* Resources */ = {
			isa = PBXResourcesBuildPhase;
			buildActionMask = 2147483647;
			files = (
			);
			runOnlyForDeploymentPostprocessing = 0;
		};
		BAD407F52B9C4B4700829528 /* Resources */ = {
			isa = PBXResourcesBuildPhase;
			buildActionMask = 2147483647;
			files = (
			);
			runOnlyForDeploymentPostprocessing = 0;
		};
/* End PBXResourcesBuildPhase section */

/* Begin PBXSourcesBuildPhase section */
		BAD407D72B9C4B4500829528 /* Sources */ = {
			isa = PBXSourcesBuildPhase;
			buildActionMask = 2147483647;
			files = (
				BA18B1B62BA973D2009ADDE9 /* CreateAccountView.swift in Sources */,
				BAD407E12B9C4B4500829528 /* ContentView.swift in Sources */,
				BAD407E32B9C4B4500829528 /* Item.swift in Sources */,
				BA18B1B22BA973A5009ADDE9 /* LoginView.swift in Sources */,
				BAD407DF2B9C4B4500829528 /* Clothing_ApplicationApp.swift in Sources */,
				BA18B1B42BA973B6009ADDE9 /* AccountView.swift in Sources */,
			);
			runOnlyForDeploymentPostprocessing = 0;
		};
		BAD407E92B9C4B4600829528 /* Sources */ = {
			isa = PBXSourcesBuildPhase;
			buildActionMask = 2147483647;
			files = (
				BAD407F22B9C4B4600829528 /* Clothing_ApplicationTests.swift in Sources */,
			);
			runOnlyForDeploymentPostprocessing = 0;
		};
		BAD407F32B9C4B4700829528 /* Sources */ = {
			isa = PBXSourcesBuildPhase;
			buildActionMask = 2147483647;
			files = (
				BAD407FC2B9C4B4700829528 /* Clothing_ApplicationUITests.swift in Sources */,
				BAD407FE2B9C4B4700829528 /* Clothing_ApplicationUITestsLaunchTests.swift in Sources */,
			);
			runOnlyForDeploymentPostprocessing = 0;
		};
/* End PBXSourcesBuildPhase section */

/* Begin PBXTargetDependency section */
		BAD407EF2B9C4B4600829528 /* PBXTargetDependency */ = {
			isa = PBXTargetDependency;
			target = BAD407DA2B9C4B4500829528 /* Clothing Application */;
			targetProxy = BAD407EE2B9C4B4600829528 /* PBXContainerItemProxy */;
		};
		BAD407F92B9C4B4700829528 /* PBXTargetDependency */ = {
			isa = PBXTargetDependency;
			target = BAD407DA2B9C4B4500829528 /* Clothing Application */;
			targetProxy = BAD407F82B9C4B4700829528 /* PBXContainerItemProxy */;
		};
/* End PBXTargetDependency section */

/* Begin XCBuildConfiguration section */
		BAD407FF2B9C4B4700829528 /* Debug */ = {
			isa = XCBuildConfiguration;
			buildSettings = {
				ALWAYS_SEARCH_USER_PATHS = NO;
				ASSETCATALOG_COMPILER_GENERATE_SWIFT_ASSET_SYMBOL_EXTENSIONS = YES;
				CLANG_ANALYZER_NONNULL = YES;
				CLANG_ANALYZER_NUMBER_OBJECT_CONVERSION = YES_AGGRESSIVE;
				CLANG_CXX_LANGUAGE_STANDARD = "gnu++20";
				CLANG_ENABLE_MODULES = YES;
				CLANG_ENABLE_OBJC_ARC = YES;
				CLANG_ENABLE_OBJC_WEAK = YES;
				CLANG_WARN_BLOCK_CAPTURE_AUTORELEASING = YES;
				CLANG_WARN_BOOL_CONVERSION = YES;
				CLANG_WARN_COMMA = YES;
				CLANG_WARN_CONSTANT_CONVERSION = YES;
				CLANG_WARN_DEPRECATED_OBJC_IMPLEMENTATIONS = YES;
				CLANG_WARN_DIRECT_OBJC_ISA_USAGE = YES_ERROR;
				CLANG_WARN_DOCUMENTATION_COMMENTS = YES;
				CLANG_WARN_EMPTY_BODY = YES;
				CLANG_WARN_ENUM_CONVERSION = YES;
				CLANG_WARN_INFINITE_RECURSION = YES;
				CLANG_WARN_INT_CONVERSION = YES;
				CLANG_WARN_NON_LITERAL_NULL_CONVERSION = YES;
				CLANG_WARN_OBJC_IMPLICIT_RETAIN_SELF = YES;
				CLANG_WARN_OBJC_LITERAL_CONVERSION = YES;
				CLANG_WARN_OBJC_ROOT_CLASS = YES_ERROR;
				CLANG_WARN_QUOTED_INCLUDE_IN_FRAMEWORK_HEADER = YES;
				CLANG_WARN_RANGE_LOOP_ANALYSIS = YES;
				CLANG_WARN_STRICT_PROTOTYPES = YES;
				CLANG_WARN_SUSPICIOUS_MOVE = YES;
				CLANG_WARN_UNGUARDED_AVAILABILITY = YES_AGGRESSIVE;
				CLANG_WARN_UNREACHABLE_CODE = YES;
				CLANG_WARN__DUPLICATE_METHOD_MATCH = YES;
				COPY_PHASE_STRIP = NO;
				DEBUG_INFORMATION_FORMAT = dwarf;
				ENABLE_STRICT_OBJC_MSGSEND = YES;
				ENABLE_TESTABILITY = YES;
				ENABLE_USER_SCRIPT_SANDBOXING = YES;
				GCC_C_LANGUAGE_STANDARD = gnu17;
				GCC_DYNAMIC_NO_PIC = NO;
				GCC_NO_COMMON_BLOCKS = YES;
				GCC_OPTIMIZATION_LEVEL = 0;
				GCC_PREPROCESSOR_DEFINITIONS = (
					"DEBUG=1",
					"$(inherited)",
				);
				GCC_WARN_64_TO_32_BIT_CONVERSION = YES;
				GCC_WARN_ABOUT_RETURN_TYPE = YES_ERROR;
				GCC_WARN_UNDECLARED_SELECTOR = YES;
				GCC_WARN_UNINITIALIZED_AUTOS = YES_AGGRESSIVE;
				GCC_WARN_UNUSED_FUNCTION = YES;
				GCC_WARN_UNUSED_VARIABLE = YES;
				IPHONEOS_DEPLOYMENT_TARGET = 17.2;
				LOCALIZATION_PREFERS_STRING_CATALOGS = YES;
				MTL_ENABLE_DEBUG_INFO = INCLUDE_SOURCE;
				MTL_FAST_MATH = YES;
				ONLY_ACTIVE_ARCH = YES;
				SDKROOT = iphoneos;
				SWIFT_ACTIVE_COMPILATION_CONDITIONS = "DEBUG $(inherited)";
				SWIFT_OPTIMIZATION_LEVEL = "-Onone";
			};
			name = Debug;
		};
		BAD408002B9C4B4700829528 /* Release */ = {
			isa = XCBuildConfiguration;
			buildSettings = {
				ALWAYS_SEARCH_USER_PATHS = NO;
				ASSETCATALOG_COMPILER_GENERATE_SWIFT_ASSET_SYMBOL_EXTENSIONS = YES;
				CLANG_ANALYZER_NONNULL = YES;
				CLANG_ANALYZER_NUMBER_OBJECT_CONVERSION = YES_AGGRESSIVE;
				CLANG_CXX_LANGUAGE_STANDARD = "gnu++20";
				CLANG_ENABLE_MODULES = YES;
				CLANG_ENABLE_OBJC_ARC = YES;
				CLANG_ENABLE_OBJC_WEAK = YES;
				CLANG_WARN_BLOCK_CAPTURE_AUTORELEASING = YES;
				CLANG_WARN_BOOL_CONVERSION = YES;
				CLANG_WARN_COMMA = YES;
				CLANG_WARN_CONSTANT_CONVERSION = YES;
				CLANG_WARN_DEPRECATED_OBJC_IMPLEMENTATIONS = YES;
				CLANG_WARN_DIRECT_OBJC_ISA_USAGE = YES_ERROR;
				CLANG_WARN_DOCUMENTATION_COMMENTS = YES;
				CLANG_WARN_EMPTY_BODY = YES;
				CLANG_WARN_ENUM_CONVERSION = YES;
				CLANG_WARN_INFINITE_RECURSION = YES;
				CLANG_WARN_INT_CONVERSION = YES;
				CLANG_WARN_NON_LITERAL_NULL_CONVERSION = YES;
				CLANG_WARN_OBJC_IMPLICIT_RETAIN_SELF = YES;
				CLANG_WARN_OBJC_LITERAL_CONVERSION = YES;
				CLANG_WARN_OBJC_ROOT_CLASS = YES_ERROR;
				CLANG_WARN_QUOTED_INCLUDE_IN_FRAMEWORK_HEADER = YES;
				CLANG_WARN_RANGE_LOOP_ANALYSIS = YES;
				CLANG_WARN_STRICT_PROTOTYPES = YES;
				CLANG_WARN_SUSPICIOUS_MOVE = YES;
				CLANG_WARN_UNGUARDED_AVAILABILITY = YES_AGGRESSIVE;
				CLANG_WARN_UNREACHABLE_CODE = YES;
				CLANG_WARN__DUPLICATE_METHOD_MATCH = YES;
				COPY_PHASE_STRIP = NO;
				DEBUG_INFORMATION_FORMAT = "dwarf-with-dsym";
				ENABLE_NS_ASSERTIONS = NO;
				ENABLE_STRICT_OBJC_MSGSEND = YES;
				ENABLE_USER_SCRIPT_SANDBOXING = YES;
				GCC_C_LANGUAGE_STANDARD = gnu17;
				GCC_NO_COMMON_BLOCKS = YES;
				GCC_WARN_64_TO_32_BIT_CONVERSION = YES;
				GCC_WARN_ABOUT_RETURN_TYPE = YES_ERROR;
				GCC_WARN_UNDECLARED_SELECTOR = YES;
				GCC_WARN_UNINITIALIZED_AUTOS = YES_AGGRESSIVE;
				GCC_WARN_UNUSED_FUNCTION = YES;
				GCC_WARN_UNUSED_VARIABLE = YES;
				IPHONEOS_DEPLOYMENT_TARGET = 17.2;
				LOCALIZATION_PREFERS_STRING_CATALOGS = YES;
				MTL_ENABLE_DEBUG_INFO = NO;
				MTL_FAST_MATH = YES;
				SDKROOT = iphoneos;
				SWIFT_COMPILATION_MODE = wholemodule;
				VALIDATE_PRODUCT = YES;
			};
			name = Release;
		};
		BAD408022B9C4B4700829528 /* Debug */ = {
			isa = XCBuildConfiguration;
			buildSettings = {
				ASSETCATALOG_COMPILER_APPICON_NAME = AppIcon;
				ASSETCATALOG_COMPILER_GLOBAL_ACCENT_COLOR_NAME = AccentColor;
				CODE_SIGN_STYLE = Automatic;
				CURRENT_PROJECT_VERSION = 1;
				DEVELOPMENT_ASSET_PATHS = "\"Clothing Application/Preview Content\"";
				ENABLE_PREVIEWS = YES;
				GENERATE_INFOPLIST_FILE = YES;
				INFOPLIST_KEY_UIApplicationSceneManifest_Generation = YES;
				INFOPLIST_KEY_UIApplicationSupportsIndirectInputEvents = YES;
				INFOPLIST_KEY_UILaunchScreen_Generation = YES;
				INFOPLIST_KEY_UISupportedInterfaceOrientations_iPad = "UIInterfaceOrientationPortrait UIInterfaceOrientationPortraitUpsideDown UIInterfaceOrientationLandscapeLeft UIInterfaceOrientationLandscapeRight";
				INFOPLIST_KEY_UISupportedInterfaceOrientations_iPhone = "UIInterfaceOrientationPortrait UIInterfaceOrientationLandscapeLeft UIInterfaceOrientationLandscapeRight";
				LD_RUNPATH_SEARCH_PATHS = (
					"$(inherited)",
					"@executable_path/Frameworks",
				);
				MARKETING_VERSION = 1.0;
				PRODUCT_BUNDLE_IDENTIFIER = "NIBM.Clothing-Application";
				PRODUCT_NAME = "$(TARGET_NAME)";
				SWIFT_EMIT_LOC_STRINGS = YES;
				SWIFT_VERSION = 5.0;
				TARGETED_DEVICE_FAMILY = "1,2";
			};
			name = Debug;
		};
		BAD408032B9C4B4700829528 /* Release */ = {
			isa = XCBuildConfiguration;
			buildSettings = {
				ASSETCATALOG_COMPILER_APPICON_NAME = AppIcon;
				ASSETCATALOG_COMPILER_GLOBAL_ACCENT_COLOR_NAME = AccentColor;
				CODE_SIGN_STYLE = Automatic;
				CURRENT_PROJECT_VERSION = 1;
				DEVELOPMENT_ASSET_PATHS = "\"Clothing Application/Preview Content\"";
				ENABLE_PREVIEWS = YES;
				GENERATE_INFOPLIST_FILE = YES;
				INFOPLIST_KEY_UIApplicationSceneManifest_Generation = YES;
				INFOPLIST_KEY_UIApplicationSupportsIndirectInputEvents = YES;
				INFOPLIST_KEY_UILaunchScreen_Generation = YES;
				INFOPLIST_KEY_UISupportedInterfaceOrientations_iPad = "UIInterfaceOrientationPortrait UIInterfaceOrientationPortraitUpsideDown UIInterfaceOrientationLandscapeLeft UIInterfaceOrientationLandscapeRight";
				INFOPLIST_KEY_UISupportedInterfaceOrientations_iPhone = "UIInterfaceOrientationPortrait UIInterfaceOrientationLandscapeLeft UIInterfaceOrientationLandscapeRight";
				LD_RUNPATH_SEARCH_PATHS = (
					"$(inherited)",
					"@executable_path/Frameworks",
				);
				MARKETING_VERSION = 1.0;
				PRODUCT_BUNDLE_IDENTIFIER = "NIBM.Clothing-Application";
				PRODUCT_NAME = "$(TARGET_NAME)";
				SWIFT_EMIT_LOC_STRINGS = YES;
				SWIFT_VERSION = 5.0;
				TARGETED_DEVICE_FAMILY = "1,2";
			};
			name = Release;
		};
		BAD408052B9C4B4700829528 /* Debug */ = {
			isa = XCBuildConfiguration;
			buildSettings = {
				ALWAYS_EMBED_SWIFT_STANDARD_LIBRARIES = YES;
				BUNDLE_LOADER = "$(TEST_HOST)";
				CODE_SIGN_STYLE = Automatic;
				CURRENT_PROJECT_VERSION = 1;
				GENERATE_INFOPLIST_FILE = YES;
				IPHONEOS_DEPLOYMENT_TARGET = 17.2;
				MARKETING_VERSION = 1.0;
				PRODUCT_BUNDLE_IDENTIFIER = "NIBM.Clothing-ApplicationTests";
				PRODUCT_NAME = "$(TARGET_NAME)";
				SWIFT_EMIT_LOC_STRINGS = NO;
				SWIFT_VERSION = 5.0;
				TARGETED_DEVICE_FAMILY = "1,2";
				TEST_HOST = "$(BUILT_PRODUCTS_DIR)/Clothing Application.app/$(BUNDLE_EXECUTABLE_FOLDER_PATH)/Clothing Application";
			};
			name = Debug;
		};
		BAD408062B9C4B4700829528 /* Release */ = {
			isa = XCBuildConfiguration;
			buildSettings = {
				ALWAYS_EMBED_SWIFT_STANDARD_LIBRARIES = YES;
				BUNDLE_LOADER = "$(TEST_HOST)";
				CODE_SIGN_STYLE = Automatic;
				CURRENT_PROJECT_VERSION = 1;
				GENERATE_INFOPLIST_FILE = YES;
				IPHONEOS_DEPLOYMENT_TARGET = 17.2;
				MARKETING_VERSION = 1.0;
				PRODUCT_BUNDLE_IDENTIFIER = "NIBM.Clothing-ApplicationTests";
				PRODUCT_NAME = "$(TARGET_NAME)";
				SWIFT_EMIT_LOC_STRINGS = NO;
				SWIFT_VERSION = 5.0;
				TARGETED_DEVICE_FAMILY = "1,2";
				TEST_HOST = "$(BUILT_PRODUCTS_DIR)/Clothing Application.app/$(BUNDLE_EXECUTABLE_FOLDER_PATH)/Clothing Application";
			};
			name = Release;
		};
		BAD408082B9C4B4700829528 /* Debug */ = {
			isa = XCBuildConfiguration;
			buildSettings = {
				ALWAYS_EMBED_SWIFT_STANDARD_LIBRARIES = YES;
				CODE_SIGN_STYLE = Automatic;
				CURRENT_PROJECT_VERSION = 1;
				GENERATE_INFOPLIST_FILE = YES;
				MARKETING_VERSION = 1.0;
				PRODUCT_BUNDLE_IDENTIFIER = "NIBM.Clothing-ApplicationUITests";
				PRODUCT_NAME = "$(TARGET_NAME)";
				SWIFT_EMIT_LOC_STRINGS = NO;
				SWIFT_VERSION = 5.0;
				TARGETED_DEVICE_FAMILY = "1,2";
				TEST_TARGET_NAME = "Clothing Application";
			};
			name = Debug;
		};
		BAD408092B9C4B4700829528 /* Release */ = {
			isa = XCBuildConfiguration;
			buildSettings = {
				ALWAYS_EMBED_SWIFT_STANDARD_LIBRARIES = YES;
				CODE_SIGN_STYLE = Automatic;
				CURRENT_PROJECT_VERSION = 1;
				GENERATE_INFOPLIST_FILE = YES;
				MARKETING_VERSION = 1.0;
				PRODUCT_BUNDLE_IDENTIFIER = "NIBM.Clothing-ApplicationUITests";
				PRODUCT_NAME = "$(TARGET_NAME)";
				SWIFT_EMIT_LOC_STRINGS = NO;
				SWIFT_VERSION = 5.0;
				TARGETED_DEVICE_FAMILY = "1,2";
				TEST_TARGET_NAME = "Clothing Application";
			};
			name = Release;
		};
/* End XCBuildConfiguration section */

/* Begin XCConfigurationList section */
		BAD407D62B9C4B4500829528 /* Build configuration list for PBXProject "Clothing Application" */ = {
			isa = XCConfigurationList;
			buildConfigurations = (
				BAD407FF2B9C4B4700829528 /* Debug */,
				BAD408002B9C4B4700829528 /* Release */,
			);
			defaultConfigurationIsVisible = 0;
			defaultConfigurationName = Release;
		};
		BAD408012B9C4B4700829528 /* Build configuration list for PBXNativeTarget "Clothing Application" */ = {
			isa = XCConfigurationList;
			buildConfigurations = (
				BAD408022B9C4B4700829528 /* Debug */,
				BAD408032B9C4B4700829528 /* Release */,
			);
			defaultConfigurationIsVisible = 0;
			defaultConfigurationName = Release;
		};
		BAD408042B9C4B4700829528 /* Build configuration list for PBXNativeTarget "Clothing ApplicationTests" */ = {
			isa = XCConfigurationList;
			buildConfigurations = (
				BAD408052B9C4B4700829528 /* Debug */,
				BAD408062B9C4B4700829528 /* Release */,
			);
			defaultConfigurationIsVisible = 0;
			defaultConfigurationName = Release;
		};
		BAD408072B9C4B4700829528 /* Build configuration list for PBXNativeTarget "Clothing ApplicationUITests" */ = {
			isa = XCConfigurationList;
			buildConfigurations = (
				BAD408082B9C4B4700829528 /* Debug */,
				BAD408092B9C4B4700829528 /* Release */,
			);
			defaultConfigurationIsVisible = 0;
			defaultConfigurationName = Release;
		};
/* End XCConfigurationList section */
	};
	rootObject = BAD407D32B9C4B4500829528 /* Project object */;
}
